// !$*UTF8*$!
{
	archiveVersion = 1;
	classes = {
	};
	objectVersion = 50;
	objects = {

/* Begin PBXBuildFile section */
		7C06EA63240A8B83008F515C /* NeoMorphView.swift in Sources */ = {isa = PBXBuildFile; fileRef = 7C06EA62240A8B83008F515C /* NeoMorphView.swift */; };
		7C61DD5223FEFEB000F07CE9 /* SavedProfilesView.swift in Sources */ = {isa = PBXBuildFile; fileRef = 7C61DD5123FEFEB000F07CE9 /* SavedProfilesView.swift */; };
		7C682D5923D324370028A496 /* AppDelegate.swift in Sources */ = {isa = PBXBuildFile; fileRef = 7C682D5823D324370028A496 /* AppDelegate.swift */; };
		7C682D5B23D324370028A496 /* SceneDelegate.swift in Sources */ = {isa = PBXBuildFile; fileRef = 7C682D5A23D324370028A496 /* SceneDelegate.swift */; };
		7C682D5E23D324370028A496 /* AoS_Stats_2_0.xcdatamodeld in Sources */ = {isa = PBXBuildFile; fileRef = 7C682D5C23D324370028A496 /* AoS_Stats_2_0.xcdatamodeld */; };
		7C682D6023D324370028A496 /* ContentView.swift in Sources */ = {isa = PBXBuildFile; fileRef = 7C682D5F23D324370028A496 /* ContentView.swift */; };
		7C682D6223D324380028A496 /* Assets.xcassets in Resources */ = {isa = PBXBuildFile; fileRef = 7C682D6123D324380028A496 /* Assets.xcassets */; };
		7C682D6523D324380028A496 /* Preview Assets.xcassets in Resources */ = {isa = PBXBuildFile; fileRef = 7C682D6423D324380028A496 /* Preview Assets.xcassets */; };
		7C682D6823D324380028A496 /* LaunchScreen.storyboard in Resources */ = {isa = PBXBuildFile; fileRef = 7C682D6623D324380028A496 /* LaunchScreen.storyboard */; };
		7C682D7323D324380028A496 /* AoS_Stats_2_0Tests.swift in Sources */ = {isa = PBXBuildFile; fileRef = 7C682D7223D324380028A496 /* AoS_Stats_2_0Tests.swift */; };
		7C682D7E23D324380028A496 /* AoS_Stats_2_0UITests.swift in Sources */ = {isa = PBXBuildFile; fileRef = 7C682D7D23D324380028A496 /* AoS_Stats_2_0UITests.swift */; };
		7C682D8C23D63CD40028A496 /* AvgDmg.swift in Sources */ = {isa = PBXBuildFile; fileRef = 7C682D8B23D63CD40028A496 /* AvgDmg.swift */; };
		7C92E5AE240053290017C838 /* BasicDiceRollView.swift in Sources */ = {isa = PBXBuildFile; fileRef = 7C92E5AD240053290017C838 /* BasicDiceRollView.swift */; };
		7CB12D572409073400B7A858 /* AppDelegate.swift in Sources */ = {isa = PBXBuildFile; fileRef = 7CB12D562409073400B7A858 /* AppDelegate.swift */; };
		7CB12D592409073400B7A858 /* SceneDelegate.swift in Sources */ = {isa = PBXBuildFile; fileRef = 7CB12D582409073400B7A858 /* SceneDelegate.swift */; };
		7CB12D5B2409073400B7A858 /* ContentView.swift in Sources */ = {isa = PBXBuildFile; fileRef = 7CB12D5A2409073400B7A858 /* ContentView.swift */; };
		7CB12D5D2409073500B7A858 /* Assets.xcassets in Resources */ = {isa = PBXBuildFile; fileRef = 7CB12D5C2409073500B7A858 /* Assets.xcassets */; };
		7CB12D602409073500B7A858 /* Preview Assets.xcassets in Resources */ = {isa = PBXBuildFile; fileRef = 7CB12D5F2409073500B7A858 /* Preview Assets.xcassets */; };
		7CB12D632409073500B7A858 /* LaunchScreen.storyboard in Resources */ = {isa = PBXBuildFile; fileRef = 7CB12D612409073500B7A858 /* LaunchScreen.storyboard */; };
		7CBF7D792406677B003E2A05 /* DiceRolls.swift in Sources */ = {isa = PBXBuildFile; fileRef = 7CBF7D782406677B003E2A05 /* DiceRolls.swift */; };
		7CBF7D7B2406C84A003E2A05 /* CombineProfileView.swift in Sources */ = {isa = PBXBuildFile; fileRef = 7CBF7D7A2406C84A003E2A05 /* CombineProfileView.swift */; };
		7CF9AC1923FF36FC001214AD /* AddProfileView.swift in Sources */ = {isa = PBXBuildFile; fileRef = 7CF9AC1823FF36FC001214AD /* AddProfileView.swift */; };
/* End PBXBuildFile section */

/* Begin PBXContainerItemProxy section */
		7C682D6F23D324380028A496 /* PBXContainerItemProxy */ = {
			isa = PBXContainerItemProxy;
			containerPortal = 7C682D4D23D324370028A496 /* Project object */;
			proxyType = 1;
			remoteGlobalIDString = 7C682D5423D324370028A496;
			remoteInfo = "AoS-Stats-2.0";
		};
		7C682D7A23D324380028A496 /* PBXContainerItemProxy */ = {
			isa = PBXContainerItemProxy;
			containerPortal = 7C682D4D23D324370028A496 /* Project object */;
			proxyType = 1;
			remoteGlobalIDString = 7C682D5423D324370028A496;
			remoteInfo = "AoS-Stats-2.0";
		};
/* End PBXContainerItemProxy section */

/* Begin PBXFileReference section */
		7C06EA62240A8B83008F515C /* NeoMorphView.swift */ = {isa = PBXFileReference; lastKnownFileType = sourcecode.swift; name = NeoMorphView.swift; path = NeoMorph/NeoMorphView.swift; sourceTree = SOURCE_ROOT; };
		7C61DD5123FEFEB000F07CE9 /* SavedProfilesView.swift */ = {isa = PBXFileReference; lastKnownFileType = sourcecode.swift; name = SavedProfilesView.swift; path = "AoS-Stats-2.0/Views/SavedProfilesView.swift"; sourceTree = SOURCE_ROOT; };
		7C682D5523D324370028A496 /* AoS-Stats-2.0.app */ = {isa = PBXFileReference; explicitFileType = wrapper.application; includeInIndex = 0; path = "AoS-Stats-2.0.app"; sourceTree = BUILT_PRODUCTS_DIR; };
		7C682D5823D324370028A496 /* AppDelegate.swift */ = {isa = PBXFileReference; lastKnownFileType = sourcecode.swift; path = AppDelegate.swift; sourceTree = "<group>"; };
		7C682D5A23D324370028A496 /* SceneDelegate.swift */ = {isa = PBXFileReference; lastKnownFileType = sourcecode.swift; path = SceneDelegate.swift; sourceTree = "<group>"; };
		7C682D5D23D324370028A496 /* AoS_Stats_2_0.xcdatamodel */ = {isa = PBXFileReference; lastKnownFileType = wrapper.xcdatamodel; path = AoS_Stats_2_0.xcdatamodel; sourceTree = "<group>"; };
		7C682D5F23D324370028A496 /* ContentView.swift */ = {isa = PBXFileReference; lastKnownFileType = sourcecode.swift; path = ContentView.swift; sourceTree = "<group>"; };
		7C682D6123D324380028A496 /* Assets.xcassets */ = {isa = PBXFileReference; lastKnownFileType = folder.assetcatalog; path = Assets.xcassets; sourceTree = "<group>"; };
		7C682D6423D324380028A496 /* Preview Assets.xcassets */ = {isa = PBXFileReference; lastKnownFileType = folder.assetcatalog; path = "Preview Assets.xcassets"; sourceTree = "<group>"; };
		7C682D6723D324380028A496 /* Base */ = {isa = PBXFileReference; lastKnownFileType = file.storyboard; name = Base; path = Base.lproj/LaunchScreen.storyboard; sourceTree = "<group>"; };
		7C682D6923D324380028A496 /* Info.plist */ = {isa = PBXFileReference; lastKnownFileType = text.plist.xml; path = Info.plist; sourceTree = "<group>"; };
		7C682D6E23D324380028A496 /* AoS-Stats-2.0Tests.xctest */ = {isa = PBXFileReference; explicitFileType = wrapper.cfbundle; includeInIndex = 0; path = "AoS-Stats-2.0Tests.xctest"; sourceTree = BUILT_PRODUCTS_DIR; };
		7C682D7223D324380028A496 /* AoS_Stats_2_0Tests.swift */ = {isa = PBXFileReference; lastKnownFileType = sourcecode.swift; path = AoS_Stats_2_0Tests.swift; sourceTree = "<group>"; };
		7C682D7423D324380028A496 /* Info.plist */ = {isa = PBXFileReference; lastKnownFileType = text.plist.xml; path = Info.plist; sourceTree = "<group>"; };
		7C682D7923D324380028A496 /* AoS-Stats-2.0UITests.xctest */ = {isa = PBXFileReference; explicitFileType = wrapper.cfbundle; includeInIndex = 0; path = "AoS-Stats-2.0UITests.xctest"; sourceTree = BUILT_PRODUCTS_DIR; };
		7C682D7D23D324380028A496 /* AoS_Stats_2_0UITests.swift */ = {isa = PBXFileReference; lastKnownFileType = sourcecode.swift; path = AoS_Stats_2_0UITests.swift; sourceTree = "<group>"; };
		7C682D7F23D324380028A496 /* Info.plist */ = {isa = PBXFileReference; lastKnownFileType = text.plist.xml; path = Info.plist; sourceTree = "<group>"; };
		7C682D8B23D63CD40028A496 /* AvgDmg.swift */ = {isa = PBXFileReference; lastKnownFileType = sourcecode.swift; path = AvgDmg.swift; sourceTree = "<group>"; };
		7C92E5AD240053290017C838 /* BasicDiceRollView.swift */ = {isa = PBXFileReference; lastKnownFileType = sourcecode.swift; path = BasicDiceRollView.swift; sourceTree = "<group>"; };
		7CB12D542409073400B7A858 /* NeoMorph.app */ = {isa = PBXFileReference; explicitFileType = wrapper.application; includeInIndex = 0; path = NeoMorph.app; sourceTree = BUILT_PRODUCTS_DIR; };
		7CB12D562409073400B7A858 /* AppDelegate.swift */ = {isa = PBXFileReference; lastKnownFileType = sourcecode.swift; path = AppDelegate.swift; sourceTree = "<group>"; };
		7CB12D582409073400B7A858 /* SceneDelegate.swift */ = {isa = PBXFileReference; lastKnownFileType = sourcecode.swift; path = SceneDelegate.swift; sourceTree = "<group>"; };
		7CB12D5A2409073400B7A858 /* ContentView.swift */ = {isa = PBXFileReference; lastKnownFileType = sourcecode.swift; path = ContentView.swift; sourceTree = "<group>"; };
		7CB12D5C2409073500B7A858 /* Assets.xcassets */ = {isa = PBXFileReference; lastKnownFileType = folder.assetcatalog; path = Assets.xcassets; sourceTree = "<group>"; };
		7CB12D5F2409073500B7A858 /* Preview Assets.xcassets */ = {isa = PBXFileReference; lastKnownFileType = folder.assetcatalog; path = "Preview Assets.xcassets"; sourceTree = "<group>"; };
		7CB12D622409073500B7A858 /* Base */ = {isa = PBXFileReference; lastKnownFileType = file.storyboard; name = Base; path = Base.lproj/LaunchScreen.storyboard; sourceTree = "<group>"; };
		7CB12D642409073500B7A858 /* Info.plist */ = {isa = PBXFileReference; lastKnownFileType = text.plist.xml; path = Info.plist; sourceTree = "<group>"; };
		7CBF7D782406677B003E2A05 /* DiceRolls.swift */ = {isa = PBXFileReference; lastKnownFileType = sourcecode.swift; path = DiceRolls.swift; sourceTree = "<group>"; };
		7CBF7D7A2406C84A003E2A05 /* CombineProfileView.swift */ = {isa = PBXFileReference; lastKnownFileType = sourcecode.swift; path = CombineProfileView.swift; sourceTree = "<group>"; };
		7CF9AC1823FF36FC001214AD /* AddProfileView.swift */ = {isa = PBXFileReference; lastKnownFileType = sourcecode.swift; path = AddProfileView.swift; sourceTree = "<group>"; };
/* End PBXFileReference section */

/* Begin PBXFrameworksBuildPhase section */
		7C682D5223D324370028A496 /* Frameworks */ = {
			isa = PBXFrameworksBuildPhase;
			buildActionMask = 2147483647;
			files = (
			);
			runOnlyForDeploymentPostprocessing = 0;
		};
		7C682D6B23D324380028A496 /* Frameworks */ = {
			isa = PBXFrameworksBuildPhase;
			buildActionMask = 2147483647;
			files = (
			);
			runOnlyForDeploymentPostprocessing = 0;
		};
		7C682D7623D324380028A496 /* Frameworks */ = {
			isa = PBXFrameworksBuildPhase;
			buildActionMask = 2147483647;
			files = (
			);
			runOnlyForDeploymentPostprocessing = 0;
		};
		7CB12D512409073400B7A858 /* Frameworks */ = {
			isa = PBXFrameworksBuildPhase;
			buildActionMask = 2147483647;
			files = (
			);
			runOnlyForDeploymentPostprocessing = 0;
		};
/* End PBXFrameworksBuildPhase section */

/* Begin PBXGroup section */
		7C61DD4C23FE6DD500F07CE9 /* Views */ = {
			isa = PBXGroup;
			children = (
				7C06EA62240A8B83008F515C /* NeoMorphView.swift */,
				7C682D5F23D324370028A496 /* ContentView.swift */,
				7CF9AC1823FF36FC001214AD /* AddProfileView.swift */,
				7C61DD5123FEFEB000F07CE9 /* SavedProfilesView.swift */,
				7CBF7D7A2406C84A003E2A05 /* CombineProfileView.swift */,
				7C92E5AD240053290017C838 /* BasicDiceRollView.swift */,
			);
			path = Views;
			sourceTree = "<group>";
		};
		7C61DD4D23FE6DE700F07CE9 /* Calculations */ = {
			isa = PBXGroup;
			children = (
				7C682D8B23D63CD40028A496 /* AvgDmg.swift */,
				7CBF7D782406677B003E2A05 /* DiceRolls.swift */,
			);
			path = Calculations;
			sourceTree = "<group>";
		};
		7C682D4C23D324370028A496 = {
			isa = PBXGroup;
			children = (
				7C682D5723D324370028A496 /* AoS-Stats-2.0 */,
				7C682D7123D324380028A496 /* AoS-Stats-2.0Tests */,
				7C682D7C23D324380028A496 /* AoS-Stats-2.0UITests */,
				7CB12D552409073400B7A858 /* NeoMorph */,
				7C682D5623D324370028A496 /* Products */,
			);
			sourceTree = "<group>";
		};
		7C682D5623D324370028A496 /* Products */ = {
			isa = PBXGroup;
			children = (
				7C682D5523D324370028A496 /* AoS-Stats-2.0.app */,
				7C682D6E23D324380028A496 /* AoS-Stats-2.0Tests.xctest */,
				7C682D7923D324380028A496 /* AoS-Stats-2.0UITests.xctest */,
				7CB12D542409073400B7A858 /* NeoMorph.app */,
			);
			name = Products;
			sourceTree = "<group>";
		};
		7C682D5723D324370028A496 /* AoS-Stats-2.0 */ = {
			isa = PBXGroup;
			children = (
				7C61DD4D23FE6DE700F07CE9 /* Calculations */,
				7C61DD4C23FE6DD500F07CE9 /* Views */,
				7C682D5823D324370028A496 /* AppDelegate.swift */,
				7C682D5A23D324370028A496 /* SceneDelegate.swift */,
				7C682D6123D324380028A496 /* Assets.xcassets */,
				7C682D6623D324380028A496 /* LaunchScreen.storyboard */,
				7C682D6923D324380028A496 /* Info.plist */,
				7C682D5C23D324370028A496 /* AoS_Stats_2_0.xcdatamodeld */,
				7C682D6323D324380028A496 /* Preview Content */,
			);
			path = "AoS-Stats-2.0";
			sourceTree = "<group>";
		};
		7C682D6323D324380028A496 /* Preview Content */ = {
			isa = PBXGroup;
			children = (
				7C682D6423D324380028A496 /* Preview Assets.xcassets */,
			);
			path = "Preview Content";
			sourceTree = "<group>";
		};
		7C682D7123D324380028A496 /* AoS-Stats-2.0Tests */ = {
			isa = PBXGroup;
			children = (
				7C682D7223D324380028A496 /* AoS_Stats_2_0Tests.swift */,
				7C682D7423D324380028A496 /* Info.plist */,
			);
			path = "AoS-Stats-2.0Tests";
			sourceTree = "<group>";
		};
		7C682D7C23D324380028A496 /* AoS-Stats-2.0UITests */ = {
			isa = PBXGroup;
			children = (
				7C682D7D23D324380028A496 /* AoS_Stats_2_0UITests.swift */,
				7C682D7F23D324380028A496 /* Info.plist */,
			);
			path = "AoS-Stats-2.0UITests";
			sourceTree = "<group>";
		};
		7CB12D552409073400B7A858 /* NeoMorph */ = {
			isa = PBXGroup;
			children = (
				7CB12D562409073400B7A858 /* AppDelegate.swift */,
				7CB12D582409073400B7A858 /* SceneDelegate.swift */,
				7CB12D5A2409073400B7A858 /* ContentView.swift */,
				7CB12D5C2409073500B7A858 /* Assets.xcassets */,
				7CB12D612409073500B7A858 /* LaunchScreen.storyboard */,
				7CB12D642409073500B7A858 /* Info.plist */,
				7CB12D5E2409073500B7A858 /* Preview Content */,
			);
			path = NeoMorph;
			sourceTree = "<group>";
		};
		7CB12D5E2409073500B7A858 /* Preview Content */ = {
			isa = PBXGroup;
			children = (
				7CB12D5F2409073500B7A858 /* Preview Assets.xcassets */,
			);
			path = "Preview Content";
			sourceTree = "<group>";
		};
/* End PBXGroup section */

/* Begin PBXNativeTarget section */
		7C682D5423D324370028A496 /* AoS-Stats-2.0 */ = {
			isa = PBXNativeTarget;
			buildConfigurationList = 7C682D8223D324380028A496 /* Build configuration list for PBXNativeTarget "AoS-Stats-2.0" */;
			buildPhases = (
				7C682D5123D324370028A496 /* Sources */,
				7C682D5223D324370028A496 /* Frameworks */,
				7C682D5323D324370028A496 /* Resources */,
			);
			buildRules = (
			);
			dependencies = (
			);
			name = "AoS-Stats-2.0";
			productName = "AoS-Stats-2.0";
			productReference = 7C682D5523D324370028A496 /* AoS-Stats-2.0.app */;
			productType = "com.apple.product-type.application";
		};
		7C682D6D23D324380028A496 /* AoS-Stats-2.0Tests */ = {
			isa = PBXNativeTarget;
			buildConfigurationList = 7C682D8523D324380028A496 /* Build configuration list for PBXNativeTarget "AoS-Stats-2.0Tests" */;
			buildPhases = (
				7C682D6A23D324380028A496 /* Sources */,
				7C682D6B23D324380028A496 /* Frameworks */,
				7C682D6C23D324380028A496 /* Resources */,
			);
			buildRules = (
			);
			dependencies = (
				7C682D7023D324380028A496 /* PBXTargetDependency */,
			);
			name = "AoS-Stats-2.0Tests";
			productName = "AoS-Stats-2.0Tests";
			productReference = 7C682D6E23D324380028A496 /* AoS-Stats-2.0Tests.xctest */;
			productType = "com.apple.product-type.bundle.unit-test";
		};
		7C682D7823D324380028A496 /* AoS-Stats-2.0UITests */ = {
			isa = PBXNativeTarget;
			buildConfigurationList = 7C682D8823D324380028A496 /* Build configuration list for PBXNativeTarget "AoS-Stats-2.0UITests" */;
			buildPhases = (
				7C682D7523D324380028A496 /* Sources */,
				7C682D7623D324380028A496 /* Frameworks */,
				7C682D7723D324380028A496 /* Resources */,
			);
			buildRules = (
			);
			dependencies = (
				7C682D7B23D324380028A496 /* PBXTargetDependency */,
			);
			name = "AoS-Stats-2.0UITests";
			productName = "AoS-Stats-2.0UITests";
			productReference = 7C682D7923D324380028A496 /* AoS-Stats-2.0UITests.xctest */;
			productType = "com.apple.product-type.bundle.ui-testing";
		};
		7CB12D532409073400B7A858 /* NeoMorph */ = {
			isa = PBXNativeTarget;
			buildConfigurationList = 7CB12D652409073500B7A858 /* Build configuration list for PBXNativeTarget "NeoMorph" */;
			buildPhases = (
				7CB12D502409073400B7A858 /* Sources */,
				7CB12D512409073400B7A858 /* Frameworks */,
				7CB12D522409073400B7A858 /* Resources */,
			);
			buildRules = (
			);
			dependencies = (
			);
			name = NeoMorph;
			productName = NeoMorph;
			productReference = 7CB12D542409073400B7A858 /* NeoMorph.app */;
			productType = "com.apple.product-type.application";
		};
/* End PBXNativeTarget section */

/* Begin PBXProject section */
		7C682D4D23D324370028A496 /* Project object */ = {
			isa = PBXProject;
			attributes = {
				LastSwiftUpdateCheck = 1130;
				LastUpgradeCheck = 1130;
				ORGANIZATIONNAME = "Vilhelm Stokstad";
				TargetAttributes = {
					7C682D5423D324370028A496 = {
						CreatedOnToolsVersion = 11.3.1;
					};
					7C682D6D23D324380028A496 = {
						CreatedOnToolsVersion = 11.3.1;
						TestTargetID = 7C682D5423D324370028A496;
					};
					7C682D7823D324380028A496 = {
						CreatedOnToolsVersion = 11.3.1;
						TestTargetID = 7C682D5423D324370028A496;
					};
					7CB12D532409073400B7A858 = {
						CreatedOnToolsVersion = 11.3.1;
					};
				};
			};
			buildConfigurationList = 7C682D5023D324370028A496 /* Build configuration list for PBXProject "AoS-Stats-2.0" */;
			compatibilityVersion = "Xcode 9.3";
			developmentRegion = en;
			hasScannedForEncodings = 0;
			knownRegions = (
				en,
				Base,
			);
			mainGroup = 7C682D4C23D324370028A496;
			productRefGroup = 7C682D5623D324370028A496 /* Products */;
			projectDirPath = "";
			projectRoot = "";
			targets = (
				7C682D5423D324370028A496 /* AoS-Stats-2.0 */,
				7C682D6D23D324380028A496 /* AoS-Stats-2.0Tests */,
				7C682D7823D324380028A496 /* AoS-Stats-2.0UITests */,
				7CB12D532409073400B7A858 /* NeoMorph */,
			);
		};
/* End PBXProject section */

/* Begin PBXResourcesBuildPhase section */
		7C682D5323D324370028A496 /* Resources */ = {
			isa = PBXResourcesBuildPhase;
			buildActionMask = 2147483647;
			files = (
				7C682D6823D324380028A496 /* LaunchScreen.storyboard in Resources */,
				7C682D6523D324380028A496 /* Preview Assets.xcassets in Resources */,
				7C682D6223D324380028A496 /* Assets.xcassets in Resources */,
			);
			runOnlyForDeploymentPostprocessing = 0;
		};
		7C682D6C23D324380028A496 /* Resources */ = {
			isa = PBXResourcesBuildPhase;
			buildActionMask = 2147483647;
			files = (
			);
			runOnlyForDeploymentPostprocessing = 0;
		};
		7C682D7723D324380028A496 /* Resources */ = {
			isa = PBXResourcesBuildPhase;
			buildActionMask = 2147483647;
			files = (
			);
			runOnlyForDeploymentPostprocessing = 0;
		};
		7CB12D522409073400B7A858 /* Resources */ = {
			isa = PBXResourcesBuildPhase;
			buildActionMask = 2147483647;
			files = (
				7CB12D632409073500B7A858 /* LaunchScreen.storyboard in Resources */,
				7CB12D602409073500B7A858 /* Preview Assets.xcassets in Resources */,
				7CB12D5D2409073500B7A858 /* Assets.xcassets in Resources */,
			);
			runOnlyForDeploymentPostprocessing = 0;
		};
/* End PBXResourcesBuildPhase section */

/* Begin PBXSourcesBuildPhase section */
		7C682D5123D324370028A496 /* Sources */ = {
			isa = PBXSourcesBuildPhase;
			buildActionMask = 2147483647;
			files = (
				7CF9AC1923FF36FC001214AD /* AddProfileView.swift in Sources */,
				7CBF7D792406677B003E2A05 /* DiceRolls.swift in Sources */,
				7CBF7D7B2406C84A003E2A05 /* CombineProfileView.swift in Sources */,
				7C682D5E23D324370028A496 /* AoS_Stats_2_0.xcdatamodeld in Sources */,
				7C682D5923D324370028A496 /* AppDelegate.swift in Sources */,
				7C682D6023D324370028A496 /* ContentView.swift in Sources */,
				7C682D8C23D63CD40028A496 /* AvgDmg.swift in Sources */,
				7C92E5AE240053290017C838 /* BasicDiceRollView.swift in Sources */,
				7C61DD5223FEFEB000F07CE9 /* SavedProfilesView.swift in Sources */,
				7C682D5B23D324370028A496 /* SceneDelegate.swift in Sources */,
				7C06EA63240A8B83008F515C /* NeoMorphView.swift in Sources */,
			);
			runOnlyForDeploymentPostprocessing = 0;
		};
		7C682D6A23D324380028A496 /* Sources */ = {
			isa = PBXSourcesBuildPhase;
			buildActionMask = 2147483647;
			files = (
				7C682D7323D324380028A496 /* AoS_Stats_2_0Tests.swift in Sources */,
			);
			runOnlyForDeploymentPostprocessing = 0;
		};
		7C682D7523D324380028A496 /* Sources */ = {
			isa = PBXSourcesBuildPhase;
			buildActionMask = 2147483647;
			files = (
				7C682D7E23D324380028A496 /* AoS_Stats_2_0UITests.swift in Sources */,
			);
			runOnlyForDeploymentPostprocessing = 0;
		};
		7CB12D502409073400B7A858 /* Sources */ = {
			isa = PBXSourcesBuildPhase;
			buildActionMask = 2147483647;
			files = (
				7CB12D572409073400B7A858 /* AppDelegate.swift in Sources */,
				7CB12D592409073400B7A858 /* SceneDelegate.swift in Sources */,
				7CB12D5B2409073400B7A858 /* ContentView.swift in Sources */,
			);
			runOnlyForDeploymentPostprocessing = 0;
		};
/* End PBXSourcesBuildPhase section */

/* Begin PBXTargetDependency section */
		7C682D7023D324380028A496 /* PBXTargetDependency */ = {
			isa = PBXTargetDependency;
			target = 7C682D5423D324370028A496 /* AoS-Stats-2.0 */;
			targetProxy = 7C682D6F23D324380028A496 /* PBXContainerItemProxy */;
		};
		7C682D7B23D324380028A496 /* PBXTargetDependency */ = {
			isa = PBXTargetDependency;
			target = 7C682D5423D324370028A496 /* AoS-Stats-2.0 */;
			targetProxy = 7C682D7A23D324380028A496 /* PBXContainerItemProxy */;
		};
/* End PBXTargetDependency section */

/* Begin PBXVariantGroup section */
		7C682D6623D324380028A496 /* LaunchScreen.storyboard */ = {
			isa = PBXVariantGroup;
			children = (
				7C682D6723D324380028A496 /* Base */,
			);
			name = LaunchScreen.storyboard;
			sourceTree = "<group>";
		};
		7CB12D612409073500B7A858 /* LaunchScreen.storyboard */ = {
			isa = PBXVariantGroup;
			children = (
				7CB12D622409073500B7A858 /* Base */,
			);
			name = LaunchScreen.storyboard;
			sourceTree = "<group>";
		};
/* End PBXVariantGroup section */

/* Begin XCBuildConfiguration section */
		7C682D8023D324380028A496 /* Debug */ = {
			isa = XCBuildConfiguration;
			buildSettings = {
				ALWAYS_SEARCH_USER_PATHS = NO;
				CLANG_ANALYZER_NONNULL = YES;
				CLANG_ANALYZER_NUMBER_OBJECT_CONVERSION = YES_AGGRESSIVE;
				CLANG_CXX_LANGUAGE_STANDARD = "gnu++14";
				CLANG_CXX_LIBRARY = "libc++";
				CLANG_ENABLE_MODULES = YES;
				CLANG_ENABLE_OBJC_ARC = YES;
				CLANG_ENABLE_OBJC_WEAK = YES;
				CLANG_WARN_BLOCK_CAPTURE_AUTORELEASING = YES;
				CLANG_WARN_BOOL_CONVERSION = YES;
				CLANG_WARN_COMMA = YES;
				CLANG_WARN_CONSTANT_CONVERSION = YES;
				CLANG_WARN_DEPRECATED_OBJC_IMPLEMENTATIONS = YES;
				CLANG_WARN_DIRECT_OBJC_ISA_USAGE = YES_ERROR;
				CLANG_WARN_DOCUMENTATION_COMMENTS = YES;
				CLANG_WARN_EMPTY_BODY = YES;
				CLANG_WARN_ENUM_CONVERSION = YES;
				CLANG_WARN_INFINITE_RECURSION = YES;
				CLANG_WARN_INT_CONVERSION = YES;
				CLANG_WARN_NON_LITERAL_NULL_CONVERSION = YES;
				CLANG_WARN_OBJC_IMPLICIT_RETAIN_SELF = YES;
				CLANG_WARN_OBJC_LITERAL_CONVERSION = YES;
				CLANG_WARN_OBJC_ROOT_CLASS = YES_ERROR;
				CLANG_WARN_RANGE_LOOP_ANALYSIS = YES;
				CLANG_WARN_STRICT_PROTOTYPES = YES;
				CLANG_WARN_SUSPICIOUS_MOVE = YES;
				CLANG_WARN_UNGUARDED_AVAILABILITY = YES_AGGRESSIVE;
				CLANG_WARN_UNREACHABLE_CODE = YES;
				CLANG_WARN__DUPLICATE_METHOD_MATCH = YES;
				COPY_PHASE_STRIP = NO;
				DEBUG_INFORMATION_FORMAT = dwarf;
				ENABLE_STRICT_OBJC_MSGSEND = YES;
				ENABLE_TESTABILITY = YES;
				GCC_C_LANGUAGE_STANDARD = gnu11;
				GCC_DYNAMIC_NO_PIC = NO;
				GCC_NO_COMMON_BLOCKS = YES;
				GCC_OPTIMIZATION_LEVEL = 0;
				GCC_PREPROCESSOR_DEFINITIONS = (
					"DEBUG=1",
					"$(inherited)",
				);
				GCC_WARN_64_TO_32_BIT_CONVERSION = YES;
				GCC_WARN_ABOUT_RETURN_TYPE = YES_ERROR;
				GCC_WARN_UNDECLARED_SELECTOR = YES;
				GCC_WARN_UNINITIALIZED_AUTOS = YES_AGGRESSIVE;
				GCC_WARN_UNUSED_FUNCTION = YES;
				GCC_WARN_UNUSED_VARIABLE = YES;
				IPHONEOS_DEPLOYMENT_TARGET = 13.2;
				MTL_ENABLE_DEBUG_INFO = INCLUDE_SOURCE;
				MTL_FAST_MATH = YES;
				ONLY_ACTIVE_ARCH = YES;
				SDKROOT = iphoneos;
				SWIFT_ACTIVE_COMPILATION_CONDITIONS = DEBUG;
				SWIFT_OPTIMIZATION_LEVEL = "-Onone";
			};
			name = Debug;
		};
		7C682D8123D324380028A496 /* Release */ = {
			isa = XCBuildConfiguration;
			buildSettings = {
				ALWAYS_SEARCH_USER_PATHS = NO;
				CLANG_ANALYZER_NONNULL = YES;
				CLANG_ANALYZER_NUMBER_OBJECT_CONVERSION = YES_AGGRESSIVE;
				CLANG_CXX_LANGUAGE_STANDARD = "gnu++14";
				CLANG_CXX_LIBRARY = "libc++";
				CLANG_ENABLE_MODULES = YES;
				CLANG_ENABLE_OBJC_ARC = YES;
				CLANG_ENABLE_OBJC_WEAK = YES;
				CLANG_WARN_BLOCK_CAPTURE_AUTORELEASING = YES;
				CLANG_WARN_BOOL_CONVERSION = YES;
				CLANG_WARN_COMMA = YES;
				CLANG_WARN_CONSTANT_CONVERSION = YES;
				CLANG_WARN_DEPRECATED_OBJC_IMPLEMENTATIONS = YES;
				CLANG_WARN_DIRECT_OBJC_ISA_USAGE = YES_ERROR;
				CLANG_WARN_DOCUMENTATION_COMMENTS = YES;
				CLANG_WARN_EMPTY_BODY = YES;
				CLANG_WARN_ENUM_CONVERSION = YES;
				CLANG_WARN_INFINITE_RECURSION = YES;
				CLANG_WARN_INT_CONVERSION = YES;
				CLANG_WARN_NON_LITERAL_NULL_CONVERSION = YES;
				CLANG_WARN_OBJC_IMPLICIT_RETAIN_SELF = YES;
				CLANG_WARN_OBJC_LITERAL_CONVERSION = YES;
				CLANG_WARN_OBJC_ROOT_CLASS = YES_ERROR;
				CLANG_WARN_RANGE_LOOP_ANALYSIS = YES;
				CLANG_WARN_STRICT_PROTOTYPES = YES;
				CLANG_WARN_SUSPICIOUS_MOVE = YES;
				CLANG_WARN_UNGUARDED_AVAILABILITY = YES_AGGRESSIVE;
				CLANG_WARN_UNREACHABLE_CODE = YES;
				CLANG_WARN__DUPLICATE_METHOD_MATCH = YES;
				COPY_PHASE_STRIP = NO;
				DEBUG_INFORMATION_FORMAT = "dwarf-with-dsym";
				ENABLE_NS_ASSERTIONS = NO;
				ENABLE_STRICT_OBJC_MSGSEND = YES;
				GCC_C_LANGUAGE_STANDARD = gnu11;
				GCC_NO_COMMON_BLOCKS = YES;
				GCC_WARN_64_TO_32_BIT_CONVERSION = YES;
				GCC_WARN_ABOUT_RETURN_TYPE = YES_ERROR;
				GCC_WARN_UNDECLARED_SELECTOR = YES;
				GCC_WARN_UNINITIALIZED_AUTOS = YES_AGGRESSIVE;
				GCC_WARN_UNUSED_FUNCTION = YES;
				GCC_WARN_UNUSED_VARIABLE = YES;
				IPHONEOS_DEPLOYMENT_TARGET = 13.2;
				MTL_ENABLE_DEBUG_INFO = NO;
				MTL_FAST_MATH = YES;
				SDKROOT = iphoneos;
				SWIFT_COMPILATION_MODE = wholemodule;
				SWIFT_OPTIMIZATION_LEVEL = "-O";
				VALIDATE_PRODUCT = YES;
			};
			name = Release;
		};
		7C682D8323D324380028A496 /* Debug */ = {
			isa = XCBuildConfiguration;
			buildSettings = {
				ASSETCATALOG_COMPILER_APPICON_NAME = AppIcon;
				CLANG_USE_OPTIMIZATION_PROFILE = YES;
				CODE_SIGN_STYLE = Automatic;
				DEVELOPMENT_ASSET_PATHS = "\"AoS-Stats-2.0/Preview Content\"";
				DEVELOPMENT_TEAM = GMM4866YZR;
				ENABLE_PREVIEWS = YES;
				INFOPLIST_FILE = "AoS-Stats-2.0/Info.plist";
				LD_RUNPATH_SEARCH_PATHS = (
					"$(inherited)",
					"@executable_path/Frameworks",
				);
				PRODUCT_BUNDLE_IDENTIFIER = "Vilhelm-Stokstad.AoS-Stats-2-0";
				PRODUCT_NAME = "$(TARGET_NAME)";
				SWIFT_VERSION = 5.0;
				TARGETED_DEVICE_FAMILY = 1;
			};
			name = Debug;
		};
		7C682D8423D324380028A496 /* Release */ = {
			isa = XCBuildConfiguration;
			buildSettings = {
				ASSETCATALOG_COMPILER_APPICON_NAME = AppIcon;
				CLANG_USE_OPTIMIZATION_PROFILE = YES;
				CODE_SIGN_STYLE = Automatic;
				DEVELOPMENT_ASSET_PATHS = "\"AoS-Stats-2.0/Preview Content\"";
				DEVELOPMENT_TEAM = GMM4866YZR;
				ENABLE_PREVIEWS = YES;
				INFOPLIST_FILE = "AoS-Stats-2.0/Info.plist";
				LD_RUNPATH_SEARCH_PATHS = (
					"$(inherited)",
					"@executable_path/Frameworks",
				);
				PRODUCT_BUNDLE_IDENTIFIER = "Vilhelm-Stokstad.AoS-Stats-2-0";
				PRODUCT_NAME = "$(TARGET_NAME)";
				SWIFT_VERSION = 5.0;
				TARGETED_DEVICE_FAMILY = 1;
			};
			name = Release;
		};
		7C682D8623D324380028A496 /* Debug */ = {
			isa = XCBuildConfiguration;
			buildSettings = {
				ALWAYS_EMBED_SWIFT_STANDARD_LIBRARIES = YES;
				BUNDLE_LOADER = "$(TEST_HOST)";
				CODE_SIGN_STYLE = Automatic;
				DEVELOPMENT_TEAM = GMM4866YZR;
				INFOPLIST_FILE = "AoS-Stats-2.0Tests/Info.plist";
				IPHONEOS_DEPLOYMENT_TARGET = 13.2;
				LD_RUNPATH_SEARCH_PATHS = (
					"$(inherited)",
					"@executable_path/Frameworks",
					"@loader_path/Frameworks",
				);
				PRODUCT_BUNDLE_IDENTIFIER = "Vilhelm-Stokstad.AoS-Stats-2-0Tests";
				PRODUCT_NAME = "$(TARGET_NAME)";
				SWIFT_VERSION = 5.0;
				TARGETED_DEVICE_FAMILY = "1,2";
				TEST_HOST = "$(BUILT_PRODUCTS_DIR)/AoS-Stats-2.0.app/AoS-Stats-2.0";
			};
			name = Debug;
		};
		7C682D8723D324380028A496 /* Release */ = {
			isa = XCBuildConfiguration;
			buildSettings = {
				ALWAYS_EMBED_SWIFT_STANDARD_LIBRARIES = YES;
				BUNDLE_LOADER = "$(TEST_HOST)";
				CODE_SIGN_STYLE = Automatic;
				DEVELOPMENT_TEAM = GMM4866YZR;
				INFOPLIST_FILE = "AoS-Stats-2.0Tests/Info.plist";
				IPHONEOS_DEPLOYMENT_TARGET = 13.2;
				LD_RUNPATH_SEARCH_PATHS = (
					"$(inherited)",
					"@executable_path/Frameworks",
					"@loader_path/Frameworks",
				);
				PRODUCT_BUNDLE_IDENTIFIER = "Vilhelm-Stokstad.AoS-Stats-2-0Tests";
				PRODUCT_NAME = "$(TARGET_NAME)";
				SWIFT_VERSION = 5.0;
				TARGETED_DEVICE_FAMILY = "1,2";
				TEST_HOST = "$(BUILT_PRODUCTS_DIR)/AoS-Stats-2.0.app/AoS-Stats-2.0";
			};
			name = Release;
		};
		7C682D8923D324380028A496 /* Debug */ = {
			isa = XCBuildConfiguration;
			buildSettings = {
				ALWAYS_EMBED_SWIFT_STANDARD_LIBRARIES = YES;
				CODE_SIGN_STYLE = Automatic;
				DEVELOPMENT_TEAM = GMM4866YZR;
				INFOPLIST_FILE = "AoS-Stats-2.0UITests/Info.plist";
				LD_RUNPATH_SEARCH_PATHS = (
					"$(inherited)",
					"@executable_path/Frameworks",
					"@loader_path/Frameworks",
				);
				PRODUCT_BUNDLE_IDENTIFIER = "Vilhelm-Stokstad.AoS-Stats-2-0UITests";
				PRODUCT_NAME = "$(TARGET_NAME)";
				SWIFT_VERSION = 5.0;
				TARGETED_DEVICE_FAMILY = "1,2";
				TEST_TARGET_NAME = "AoS-Stats-2.0";
			};
			name = Debug;
		};
		7C682D8A23D324380028A496 /* Release */ = {
			isa = XCBuildConfiguration;
			buildSettings = {
				ALWAYS_EMBED_SWIFT_STANDARD_LIBRARIES = YES;
				CODE_SIGN_STYLE = Automatic;
				DEVELOPMENT_TEAM = GMM4866YZR;
				INFOPLIST_FILE = "AoS-Stats-2.0UITests/Info.plist";
				LD_RUNPATH_SEARCH_PATHS = (
					"$(inherited)",
					"@executable_path/Frameworks",
					"@loader_path/Frameworks",
				);
				PRODUCT_BUNDLE_IDENTIFIER = "Vilhelm-Stokstad.AoS-Stats-2-0UITests";
				PRODUCT_NAME = "$(TARGET_NAME)";
				SWIFT_VERSION = 5.0;
				TARGETED_DEVICE_FAMILY = "1,2";
				TEST_TARGET_NAME = "AoS-Stats-2.0";
			};
			name = Release;
		};
		7CB12D662409073500B7A858 /* Debug */ = {
			isa = XCBuildConfiguration;
			buildSettings = {
				ASSETCATALOG_COMPILER_APPICON_NAME = AppIcon;
				CLANG_USE_OPTIMIZATION_PROFILE = YES;
				CODE_SIGN_STYLE = Automatic;
				DEVELOPMENT_ASSET_PATHS = "\"NeoMorph/Preview Content\"";
				DEVELOPMENT_TEAM = GMM4866YZR;
				ENABLE_PREVIEWS = YES;
				INFOPLIST_FILE = NeoMorph/Info.plist;
				IPHONEOS_DEPLOYMENT_TARGET = 13.2;
				LD_RUNPATH_SEARCH_PATHS = (
					"$(inherited)",
					"@executable_path/Frameworks",
				);
				PRODUCT_BUNDLE_IDENTIFIER = "Vilhelm-Stokstad.NeoMorph";
				PRODUCT_NAME = "$(TARGET_NAME)";
				SWIFT_VERSION = 5.0;
				TARGETED_DEVICE_FAMILY = "1,2";
			};
			name = Debug;
		};
		7CB12D672409073500B7A858 /* Release */ = {
			isa = XCBuildConfiguration;
			buildSettings = {
				ASSETCATALOG_COMPILER_APPICON_NAME = AppIcon;
				CLANG_USE_OPTIMIZATION_PROFILE = YES;
				CODE_SIGN_STYLE = Automatic;
				DEVELOPMENT_ASSET_PATHS = "\"NeoMorph/Preview Content\"";
				DEVELOPMENT_TEAM = GMM4866YZR;
				ENABLE_PREVIEWS = YES;
				INFOPLIST_FILE = NeoMorph/Info.plist;
				IPHONEOS_DEPLOYMENT_TARGET = 13.2;
				LD_RUNPATH_SEARCH_PATHS = (
					"$(inherited)",
					"@executable_path/Frameworks",
				);
				PRODUCT_BUNDLE_IDENTIFIER = "Vilhelm-Stokstad.NeoMorph";
				PRODUCT_NAME = "$(TARGET_NAME)";
				SWIFT_VERSION = 5.0;
				TARGETED_DEVICE_FAMILY = "1,2";
			};
			name = Release;
		};
/* End XCBuildConfiguration section */

/* Begin XCConfigurationList section */
		7C682D5023D324370028A496 /* Build configuration list for PBXProject "AoS-Stats-2.0" */ = {
			isa = XCConfigurationList;
			buildConfigurations = (
				7C682D8023D324380028A496 /* Debug */,
				7C682D8123D324380028A496 /* Release */,
			);
			defaultConfigurationIsVisible = 0;
			defaultConfigurationName = Release;
		};
		7C682D8223D324380028A496 /* Build configuration list for PBXNativeTarget "AoS-Stats-2.0" */ = {
			isa = XCConfigurationList;
			buildConfigurations = (
				7C682D8323D324380028A496 /* Debug */,
				7C682D8423D324380028A496 /* Release */,
			);
			defaultConfigurationIsVisible = 0;
			defaultConfigurationName = Release;
		};
		7C682D8523D324380028A496 /* Build configuration list for PBXNativeTarget "AoS-Stats-2.0Tests" */ = {
			isa = XCConfigurationList;
			buildConfigurations = (
				7C682D8623D324380028A496 /* Debug */,
				7C682D8723D324380028A496 /* Release */,
			);
			defaultConfigurationIsVisible = 0;
			defaultConfigurationName = Release;
		};
		7C682D8823D324380028A496 /* Build configuration list for PBXNativeTarget "AoS-Stats-2.0UITests" */ = {
			isa = XCConfigurationList;
			buildConfigurations = (
				7C682D8923D324380028A496 /* Debug */,
				7C682D8A23D324380028A496 /* Release */,
			);
			defaultConfigurationIsVisible = 0;
			defaultConfigurationName = Release;
		};
		7CB12D652409073500B7A858 /* Build configuration list for PBXNativeTarget "NeoMorph" */ = {
			isa = XCConfigurationList;
			buildConfigurations = (
				7CB12D662409073500B7A858 /* Debug */,
				7CB12D672409073500B7A858 /* Release */,
			);
			defaultConfigurationIsVisible = 0;
			defaultConfigurationName = Release;
		};
/* End XCConfigurationList section */

/* Begin XCVersionGroup section */
		7C682D5C23D324370028A496 /* AoS_Stats_2_0.xcdatamodeld */ = {
			isa = XCVersionGroup;
			children = (
				7C682D5D23D324370028A496 /* AoS_Stats_2_0.xcdatamodel */,
			);
			currentVersion = 7C682D5D23D324370028A496 /* AoS_Stats_2_0.xcdatamodel */;
			path = AoS_Stats_2_0.xcdatamodeld;
			sourceTree = "<group>";
			versionGroupType = wrapper.xcdatamodel;
		};
/* End XCVersionGroup section */
	};
	rootObject = 7C682D4D23D324370028A496 /* Project object */;
}
